
Microsoft Visual Studio Solution File, Format Version 12.00
# Visual Studio Version 17
VisualStudioVersion = 17.5.33414.496
MinimumVisualStudioVersion = 10.0.40219.1
Project("{FAE04EC0-301F-11D3-BF4B-00C04F79EFBC}") = "ControleDeLivros", "ControleDeLivros\ControleDeLivros.csproj", "{BFEBB789-548D-4556-BFA6-6D02469E416A}"
EndProject
Global
	GlobalSection(SolutionConfigurationPlatforms) = preSolution
		Debug|Any CPU = Debug|Any CPU
		Release|Any CPU = Release|Any CPU
	EndGlobalSection
	GlobalSection(ProjectConfigurationPlatforms) = postSolution
		{BFEBB789-548D-4556-BFA6-6D02469E416A}.Debug|Any CPU.ActiveCfg = Debug|Any CPU
		{BFEBB789-548D-4556-BFA6-6D02469E416A}.Debug|Any CPU.Build.0 = Debug|Any CPU
		{BFEBB789-548D-4556-BFA6-6D02469E416A}.Release|Any CPU.ActiveCfg = Release|Any CPU
		{BFEBB789-548D-4556-BFA6-6D02469E416A}.Release|Any CPU.Build.0 = Release|Any CPU
	EndGlobalSection
	GlobalSection(SolutionProperties) = preSolution
		HideSolutionNode = FALSE
	EndGlobalSection
	GlobalSection(ExtensibilityGlobals) = postSolution
		SolutionGuid = {2519A4B2-4998-438F-AF13-EBB04092A876}
	EndGlobalSection
EndGlobal
